
Microsoft Visual Studio Solution File, Format Version 12.00
# Visual Studio 15
VisualStudioVersion = 15.0.28307.421
MinimumVisualStudioVersion = 10.0.40219.1
Project("{FAE04EC0-301F-11D3-BF4B-00C04F79EFBC}") = "Project", "Project\Project.csproj", "{D62E98BE-642A-4952-A34C-5F0C5E7E4522}"
EndProject
Global
	GlobalSection(SolutionConfigurationPlatforms) = preSolution
		Debug|Any CPU = Debug|Any CPU
		Release|Any CPU = Release|Any CPU
	EndGlobalSection
	GlobalSection(ProjectConfigurationPlatforms) = postSolution
		{D62E98BE-642A-4952-A34C-5F0C5E7E4522}.Debug|Any CPU.ActiveCfg = Debug|Any CPU
		{D62E98BE-642A-4952-A34C-5F0C5E7E4522}.Debug|Any CPU.Build.0 = Debug|Any CPU
		{D62E98BE-642A-4952-A34C-5F0C5E7E4522}.Release|Any CPU.ActiveCfg = Release|Any CPU
		{D62E98BE-642A-4952-A34C-5F0C5E7E4522}.Release|Any CPU.Build.0 = Release|Any CPU
	EndGlobalSection
	GlobalSection(SolutionProperties) = preSolution
		HideSolutionNode = FALSE
	EndGlobalSection
	GlobalSection(ExtensibilityGlobals) = postSolution
		SolutionGuid = {3025592E-C33B-46E4-AA3E-F5BC9AD833A4}
	EndGlobalSection
EndGlobal
